// !$*UTF8*$!
{
	archiveVersion = 1;
	classes = {
	};
	objectVersion = 50;
	objects = {

/* Begin PBXBuildFile section */
		3B3399322459C41A00B472C0 /* BakeStep.swift in Sources */ = {isa = PBXBuildFile; fileRef = 3B3399312459C41A00B472C0 /* BakeStep.swift */; };
		3B3399342459C50700B472C0 /* BakeStepCell.swift in Sources */ = {isa = PBXBuildFile; fileRef = 3B3399332459C50700B472C0 /* BakeStepCell.swift */; };
		3B3399382459CD5C00B472C0 /* BakeView.swift in Sources */ = {isa = PBXBuildFile; fileRef = 3B3399372459CD5C00B472C0 /* BakeView.swift */; };
		3B33993B245B04A300B472C0 /* ModifyBakeStepView.swift in Sources */ = {isa = PBXBuildFile; fileRef = 3B33993A245B04A300B472C0 /* ModifyBakeStepView.swift */; };
		3B33993E245B12A200B472C0 /* AppDefaults.swift in Sources */ = {isa = PBXBuildFile; fileRef = 3B33993D245B12A200B472C0 /* AppDefaults.swift */; };
		3B339941245B15ED00B472C0 /* LabeledTextField.swift in Sources */ = {isa = PBXBuildFile; fileRef = 3B339940245B15ED00B472C0 /* LabeledTextField.swift */; };
		3B3399472461A2A400B472C0 /* TimeCalculator.swift in Sources */ = {isa = PBXBuildFile; fileRef = 3B3399462461A2A400B472C0 /* TimeCalculator.swift */; };
		3B33994A2461A9ED00B472C0 /* TimeCalculatorTests.swift in Sources */ = {isa = PBXBuildFile; fileRef = 3B3399492461A9ED00B472C0 /* TimeCalculatorTests.swift */; };
		3B43295F24532EBA00CE3032 /* AppDelegate.swift in Sources */ = {isa = PBXBuildFile; fileRef = 3B43295E24532EBA00CE3032 /* AppDelegate.swift */; };
		3B43296124532EBA00CE3032 /* SceneDelegate.swift in Sources */ = {isa = PBXBuildFile; fileRef = 3B43296024532EBA00CE3032 /* SceneDelegate.swift */; };
		3B43296324532EBA00CE3032 /* ContentView.swift in Sources */ = {isa = PBXBuildFile; fileRef = 3B43296224532EBA00CE3032 /* ContentView.swift */; };
		3B43296524532EBC00CE3032 /* Assets.xcassets in Resources */ = {isa = PBXBuildFile; fileRef = 3B43296424532EBC00CE3032 /* Assets.xcassets */; };
		3B43296824532EBC00CE3032 /* Preview Assets.xcassets in Resources */ = {isa = PBXBuildFile; fileRef = 3B43296724532EBC00CE3032 /* Preview Assets.xcassets */; };
		3B43296B24532EBC00CE3032 /* LaunchScreen.storyboard in Resources */ = {isa = PBXBuildFile; fileRef = 3B43296924532EBC00CE3032 /* LaunchScreen.storyboard */; };
		3B43297624532EBC00CE3032 /* DoughtTests.swift in Sources */ = {isa = PBXBuildFile; fileRef = 3B43297524532EBC00CE3032 /* DoughtTests.swift */; };
		3B43298124532EBC00CE3032 /* DoughtUITests.swift in Sources */ = {isa = PBXBuildFile; fileRef = 3B43298024532EBC00CE3032 /* DoughtUITests.swift */; };
		3B4724A22462ABA6007E7AA1 /* SetTimeView.swift in Sources */ = {isa = PBXBuildFile; fileRef = 3B4724A12462ABA6007E7AA1 /* SetTimeView.swift */; };
		3B4724A62463053E007E7AA1 /* FormSaveButton.swift in Sources */ = {isa = PBXBuildFile; fileRef = 3B4724A52463053E007E7AA1 /* FormSaveButton.swift */; };
/* End PBXBuildFile section */

/* Begin PBXContainerItemProxy section */
		3B43297224532EBC00CE3032 /* PBXContainerItemProxy */ = {
			isa = PBXContainerItemProxy;
			containerPortal = 3B43295324532EBA00CE3032 /* Project object */;
			proxyType = 1;
			remoteGlobalIDString = 3B43295A24532EBA00CE3032;
			remoteInfo = Dought;
		};
		3B43297D24532EBC00CE3032 /* PBXContainerItemProxy */ = {
			isa = PBXContainerItemProxy;
			containerPortal = 3B43295324532EBA00CE3032 /* Project object */;
			proxyType = 1;
			remoteGlobalIDString = 3B43295A24532EBA00CE3032;
			remoteInfo = Dought;
		};
/* End PBXContainerItemProxy section */

/* Begin PBXFileReference section */
		3B3399312459C41A00B472C0 /* BakeStep.swift */ = {isa = PBXFileReference; lastKnownFileType = sourcecode.swift; path = BakeStep.swift; sourceTree = "<group>"; };
		3B3399332459C50700B472C0 /* BakeStepCell.swift */ = {isa = PBXFileReference; lastKnownFileType = sourcecode.swift; path = BakeStepCell.swift; sourceTree = "<group>"; };
		3B3399372459CD5C00B472C0 /* BakeView.swift */ = {isa = PBXFileReference; lastKnownFileType = sourcecode.swift; path = BakeView.swift; sourceTree = "<group>"; };
		3B33993A245B04A300B472C0 /* ModifyBakeStepView.swift */ = {isa = PBXFileReference; lastKnownFileType = sourcecode.swift; path = ModifyBakeStepView.swift; sourceTree = "<group>"; };
		3B33993D245B12A200B472C0 /* AppDefaults.swift */ = {isa = PBXFileReference; lastKnownFileType = sourcecode.swift; path = AppDefaults.swift; sourceTree = "<group>"; };
		3B339940245B15ED00B472C0 /* LabeledTextField.swift */ = {isa = PBXFileReference; lastKnownFileType = sourcecode.swift; path = LabeledTextField.swift; sourceTree = "<group>"; };
		3B3399462461A2A400B472C0 /* TimeCalculator.swift */ = {isa = PBXFileReference; lastKnownFileType = sourcecode.swift; path = TimeCalculator.swift; sourceTree = "<group>"; };
		3B3399492461A9ED00B472C0 /* TimeCalculatorTests.swift */ = {isa = PBXFileReference; lastKnownFileType = sourcecode.swift; path = TimeCalculatorTests.swift; sourceTree = "<group>"; };
		3B43295B24532EBA00CE3032 /* Dought.app */ = {isa = PBXFileReference; explicitFileType = wrapper.application; includeInIndex = 0; path = Dought.app; sourceTree = BUILT_PRODUCTS_DIR; };
		3B43295E24532EBA00CE3032 /* AppDelegate.swift */ = {isa = PBXFileReference; lastKnownFileType = sourcecode.swift; path = AppDelegate.swift; sourceTree = "<group>"; };
		3B43296024532EBA00CE3032 /* SceneDelegate.swift */ = {isa = PBXFileReference; lastKnownFileType = sourcecode.swift; path = SceneDelegate.swift; sourceTree = "<group>"; };
		3B43296224532EBA00CE3032 /* ContentView.swift */ = {isa = PBXFileReference; lastKnownFileType = sourcecode.swift; path = ContentView.swift; sourceTree = "<group>"; };
		3B43296424532EBC00CE3032 /* Assets.xcassets */ = {isa = PBXFileReference; lastKnownFileType = folder.assetcatalog; path = Assets.xcassets; sourceTree = "<group>"; };
		3B43296724532EBC00CE3032 /* Preview Assets.xcassets */ = {isa = PBXFileReference; lastKnownFileType = folder.assetcatalog; path = "Preview Assets.xcassets"; sourceTree = "<group>"; };
		3B43296A24532EBC00CE3032 /* Base */ = {isa = PBXFileReference; lastKnownFileType = file.storyboard; name = Base; path = Base.lproj/LaunchScreen.storyboard; sourceTree = "<group>"; };
		3B43296C24532EBC00CE3032 /* Info.plist */ = {isa = PBXFileReference; lastKnownFileType = text.plist.xml; path = Info.plist; sourceTree = "<group>"; };
		3B43297124532EBC00CE3032 /* DoughtTests.xctest */ = {isa = PBXFileReference; explicitFileType = wrapper.cfbundle; includeInIndex = 0; path = DoughtTests.xctest; sourceTree = BUILT_PRODUCTS_DIR; };
		3B43297524532EBC00CE3032 /* DoughtTests.swift */ = {isa = PBXFileReference; lastKnownFileType = sourcecode.swift; path = DoughtTests.swift; sourceTree = "<group>"; };
		3B43297724532EBC00CE3032 /* Info.plist */ = {isa = PBXFileReference; lastKnownFileType = text.plist.xml; path = Info.plist; sourceTree = "<group>"; };
		3B43297C24532EBC00CE3032 /* DoughtUITests.xctest */ = {isa = PBXFileReference; explicitFileType = wrapper.cfbundle; includeInIndex = 0; path = DoughtUITests.xctest; sourceTree = BUILT_PRODUCTS_DIR; };
		3B43298024532EBC00CE3032 /* DoughtUITests.swift */ = {isa = PBXFileReference; lastKnownFileType = sourcecode.swift; path = DoughtUITests.swift; sourceTree = "<group>"; };
		3B43298224532EBC00CE3032 /* Info.plist */ = {isa = PBXFileReference; lastKnownFileType = text.plist.xml; path = Info.plist; sourceTree = "<group>"; };
		3B4724A12462ABA6007E7AA1 /* SetTimeView.swift */ = {isa = PBXFileReference; lastKnownFileType = sourcecode.swift; path = SetTimeView.swift; sourceTree = "<group>"; };
		3B4724A52463053E007E7AA1 /* FormSaveButton.swift */ = {isa = PBXFileReference; lastKnownFileType = sourcecode.swift; path = FormSaveButton.swift; sourceTree = "<group>"; };
/* End PBXFileReference section */

/* Begin PBXFrameworksBuildPhase section */
		3B43295824532EBA00CE3032 /* Frameworks */ = {
			isa = PBXFrameworksBuildPhase;
			buildActionMask = 2147483647;
			files = (
			);
			runOnlyForDeploymentPostprocessing = 0;
		};
		3B43296E24532EBC00CE3032 /* Frameworks */ = {
			isa = PBXFrameworksBuildPhase;
			buildActionMask = 2147483647;
			files = (
			);
			runOnlyForDeploymentPostprocessing = 0;
		};
		3B43297924532EBC00CE3032 /* Frameworks */ = {
			isa = PBXFrameworksBuildPhase;
			buildActionMask = 2147483647;
			files = (
			);
			runOnlyForDeploymentPostprocessing = 0;
		};
/* End PBXFrameworksBuildPhase section */

/* Begin PBXGroup section */
		3B3399302459C40100B472C0 /* Bake Step */ = {
			isa = PBXGroup;
			children = (
				3B3399312459C41A00B472C0 /* BakeStep.swift */,
				3B3399332459C50700B472C0 /* BakeStepCell.swift */,
			);
			path = "Bake Step";
			sourceTree = "<group>";
		};
		3B3399362459CD4F00B472C0 /* Bake */ = {
			isa = PBXGroup;
			children = (
				3B3399372459CD5C00B472C0 /* BakeView.swift */,
				3B4724A12462ABA6007E7AA1 /* SetTimeView.swift */,
			);
			path = Bake;
			sourceTree = "<group>";
		};
		3B339939245B048A00B472C0 /* Add Bake Step */ = {
			isa = PBXGroup;
			children = (
				3B33993A245B04A300B472C0 /* ModifyBakeStepView.swift */,
			);
			path = "Add Bake Step";
			sourceTree = "<group>";
		};
		3B33993C245B129400B472C0 /* Core */ = {
			isa = PBXGroup;
			children = (
				3B33993F245B15BD00B472C0 /* Views */,
				3B33993D245B12A200B472C0 /* AppDefaults.swift */,
				3B3399462461A2A400B472C0 /* TimeCalculator.swift */,
			);
			path = Core;
			sourceTree = "<group>";
		};
		3B33993F245B15BD00B472C0 /* Views */ = {
			isa = PBXGroup;
			children = (
				3B339940245B15ED00B472C0 /* LabeledTextField.swift */,
				3B4724A52463053E007E7AA1 /* FormSaveButton.swift */,
			);
			path = Views;
			sourceTree = "<group>";
		};
		3B3399482461A9D800B472C0 /* Core */ = {
			isa = PBXGroup;
			children = (
				3B3399492461A9ED00B472C0 /* TimeCalculatorTests.swift */,
			);
			path = Core;
			sourceTree = "<group>";
		};
		3B43295224532EBA00CE3032 = {
			isa = PBXGroup;
			children = (
				3B43295D24532EBA00CE3032 /* Dought */,
				3B43297424532EBC00CE3032 /* DoughtTests */,
				3B43297F24532EBC00CE3032 /* DoughtUITests */,
				3B43295C24532EBA00CE3032 /* Products */,
			);
			sourceTree = "<group>";
		};
		3B43295C24532EBA00CE3032 /* Products */ = {
			isa = PBXGroup;
			children = (
				3B43295B24532EBA00CE3032 /* Dought.app */,
				3B43297124532EBC00CE3032 /* DoughtTests.xctest */,
				3B43297C24532EBC00CE3032 /* DoughtUITests.xctest */,
			);
			name = Products;
			sourceTree = "<group>";
		};
		3B43295D24532EBA00CE3032 /* Dought */ = {
			isa = PBXGroup;
			children = (
				3B33993C245B129400B472C0 /* Core */,
				3B339939245B048A00B472C0 /* Add Bake Step */,
				3B3399362459CD4F00B472C0 /* Bake */,
				3B3399302459C40100B472C0 /* Bake Step */,
				3B43295E24532EBA00CE3032 /* AppDelegate.swift */,
				3B43296024532EBA00CE3032 /* SceneDelegate.swift */,
				3B43296224532EBA00CE3032 /* ContentView.swift */,
				3B43296424532EBC00CE3032 /* Assets.xcassets */,
				3B43296924532EBC00CE3032 /* LaunchScreen.storyboard */,
				3B43296C24532EBC00CE3032 /* Info.plist */,
				3B43296624532EBC00CE3032 /* Preview Content */,
			);
			path = Dought;
			sourceTree = "<group>";
		};
		3B43296624532EBC00CE3032 /* Preview Content */ = {
			isa = PBXGroup;
			children = (
				3B43296724532EBC00CE3032 /* Preview Assets.xcassets */,
			);
			path = "Preview Content";
			sourceTree = "<group>";
		};
		3B43297424532EBC00CE3032 /* DoughtTests */ = {
			isa = PBXGroup;
			children = (
				3B3399482461A9D800B472C0 /* Core */,
				3B43297524532EBC00CE3032 /* DoughtTests.swift */,
				3B43297724532EBC00CE3032 /* Info.plist */,
			);
			path = DoughtTests;
			sourceTree = "<group>";
		};
		3B43297F24532EBC00CE3032 /* DoughtUITests */ = {
			isa = PBXGroup;
			children = (
				3B43298024532EBC00CE3032 /* DoughtUITests.swift */,
				3B43298224532EBC00CE3032 /* Info.plist */,
			);
			path = DoughtUITests;
			sourceTree = "<group>";
		};
/* End PBXGroup section */

/* Begin PBXNativeTarget section */
		3B43295A24532EBA00CE3032 /* Dought */ = {
			isa = PBXNativeTarget;
			buildConfigurationList = 3B43298524532EBC00CE3032 /* Build configuration list for PBXNativeTarget "Dought" */;
			buildPhases = (
				3B43295724532EBA00CE3032 /* Sources */,
				3B43295824532EBA00CE3032 /* Frameworks */,
				3B43295924532EBA00CE3032 /* Resources */,
			);
			buildRules = (
			);
			dependencies = (
			);
			name = Dought;
			productName = Dought;
			productReference = 3B43295B24532EBA00CE3032 /* Dought.app */;
			productType = "com.apple.product-type.application";
		};
		3B43297024532EBC00CE3032 /* DoughtTests */ = {
			isa = PBXNativeTarget;
			buildConfigurationList = 3B43298824532EBC00CE3032 /* Build configuration list for PBXNativeTarget "DoughtTests" */;
			buildPhases = (
				3B43296D24532EBC00CE3032 /* Sources */,
				3B43296E24532EBC00CE3032 /* Frameworks */,
				3B43296F24532EBC00CE3032 /* Resources */,
			);
			buildRules = (
			);
			dependencies = (
				3B43297324532EBC00CE3032 /* PBXTargetDependency */,
			);
			name = DoughtTests;
			productName = DoughtTests;
			productReference = 3B43297124532EBC00CE3032 /* DoughtTests.xctest */;
			productType = "com.apple.product-type.bundle.unit-test";
		};
		3B43297B24532EBC00CE3032 /* DoughtUITests */ = {
			isa = PBXNativeTarget;
			buildConfigurationList = 3B43298B24532EBC00CE3032 /* Build configuration list for PBXNativeTarget "DoughtUITests" */;
			buildPhases = (
				3B43297824532EBC00CE3032 /* Sources */,
				3B43297924532EBC00CE3032 /* Frameworks */,
				3B43297A24532EBC00CE3032 /* Resources */,
			);
			buildRules = (
			);
			dependencies = (
				3B43297E24532EBC00CE3032 /* PBXTargetDependency */,
			);
			name = DoughtUITests;
			productName = DoughtUITests;
			productReference = 3B43297C24532EBC00CE3032 /* DoughtUITests.xctest */;
			productType = "com.apple.product-type.bundle.ui-testing";
		};
/* End PBXNativeTarget section */

/* Begin PBXProject section */
		3B43295324532EBA00CE3032 /* Project object */ = {
			isa = PBXProject;
			attributes = {
				LastSwiftUpdateCheck = 1140;
				LastUpgradeCheck = 1140;
				ORGANIZATIONNAME = "Lee Watkins";
				TargetAttributes = {
					3B43295A24532EBA00CE3032 = {
						CreatedOnToolsVersion = 11.4.1;
					};
					3B43297024532EBC00CE3032 = {
						CreatedOnToolsVersion = 11.4.1;
						TestTargetID = 3B43295A24532EBA00CE3032;
					};
					3B43297B24532EBC00CE3032 = {
						CreatedOnToolsVersion = 11.4.1;
						TestTargetID = 3B43295A24532EBA00CE3032;
					};
				};
			};
			buildConfigurationList = 3B43295624532EBA00CE3032 /* Build configuration list for PBXProject "Dought" */;
			compatibilityVersion = "Xcode 9.3";
			developmentRegion = en;
			hasScannedForEncodings = 0;
			knownRegions = (
				en,
				Base,
			);
			mainGroup = 3B43295224532EBA00CE3032;
			productRefGroup = 3B43295C24532EBA00CE3032 /* Products */;
			projectDirPath = "";
			projectRoot = "";
			targets = (
				3B43295A24532EBA00CE3032 /* Dought */,
				3B43297024532EBC00CE3032 /* DoughtTests */,
				3B43297B24532EBC00CE3032 /* DoughtUITests */,
			);
		};
/* End PBXProject section */

/* Begin PBXResourcesBuildPhase section */
		3B43295924532EBA00CE3032 /* Resources */ = {
			isa = PBXResourcesBuildPhase;
			buildActionMask = 2147483647;
			files = (
				3B43296B24532EBC00CE3032 /* LaunchScreen.storyboard in Resources */,
				3B43296824532EBC00CE3032 /* Preview Assets.xcassets in Resources */,
				3B43296524532EBC00CE3032 /* Assets.xcassets in Resources */,
			);
			runOnlyForDeploymentPostprocessing = 0;
		};
		3B43296F24532EBC00CE3032 /* Resources */ = {
			isa = PBXResourcesBuildPhase;
			buildActionMask = 2147483647;
			files = (
			);
			runOnlyForDeploymentPostprocessing = 0;
		};
		3B43297A24532EBC00CE3032 /* Resources */ = {
			isa = PBXResourcesBuildPhase;
			buildActionMask = 2147483647;
			files = (
			);
			runOnlyForDeploymentPostprocessing = 0;
		};
/* End PBXResourcesBuildPhase section */

/* Begin PBXSourcesBuildPhase section */
		3B43295724532EBA00CE3032 /* Sources */ = {
			isa = PBXSourcesBuildPhase;
			buildActionMask = 2147483647;
			files = (
				3B33993E245B12A200B472C0 /* AppDefaults.swift in Sources */,
				3B3399342459C50700B472C0 /* BakeStepCell.swift in Sources */,
				3B3399322459C41A00B472C0 /* BakeStep.swift in Sources */,
				3B43295F24532EBA00CE3032 /* AppDelegate.swift in Sources */,
				3B4724A62463053E007E7AA1 /* FormSaveButton.swift in Sources */,
				3B3399472461A2A400B472C0 /* TimeCalculator.swift in Sources */,
				3B43296124532EBA00CE3032 /* SceneDelegate.swift in Sources */,
				3B339941245B15ED00B472C0 /* LabeledTextField.swift in Sources */,
				3B4724A22462ABA6007E7AA1 /* SetTimeView.swift in Sources */,
				3B43296324532EBA00CE3032 /* ContentView.swift in Sources */,
				3B3399382459CD5C00B472C0 /* BakeView.swift in Sources */,
				3B33993B245B04A300B472C0 /* ModifyBakeStepView.swift in Sources */,
			);
			runOnlyForDeploymentPostprocessing = 0;
		};
		3B43296D24532EBC00CE3032 /* Sources */ = {
			isa = PBXSourcesBuildPhase;
			buildActionMask = 2147483647;
			files = (
				3B33994A2461A9ED00B472C0 /* TimeCalculatorTests.swift in Sources */,
				3B43297624532EBC00CE3032 /* DoughtTests.swift in Sources */,
			);
			runOnlyForDeploymentPostprocessing = 0;
		};
		3B43297824532EBC00CE3032 /* Sources */ = {
			isa = PBXSourcesBuildPhase;
			buildActionMask = 2147483647;
			files = (
				3B43298124532EBC00CE3032 /* DoughtUITests.swift in Sources */,
			);
			runOnlyForDeploymentPostprocessing = 0;
		};
/* End PBXSourcesBuildPhase section */

/* Begin PBXTargetDependency section */
		3B43297324532EBC00CE3032 /* PBXTargetDependency */ = {
			isa = PBXTargetDependency;
			target = 3B43295A24532EBA00CE3032 /* Dought */;
			targetProxy = 3B43297224532EBC00CE3032 /* PBXContainerItemProxy */;
		};
		3B43297E24532EBC00CE3032 /* PBXTargetDependency */ = {
			isa = PBXTargetDependency;
			target = 3B43295A24532EBA00CE3032 /* Dought */;
			targetProxy = 3B43297D24532EBC00CE3032 /* PBXContainerItemProxy */;
		};
/* End PBXTargetDependency section */

/* Begin PBXVariantGroup section */
		3B43296924532EBC00CE3032 /* LaunchScreen.storyboard */ = {
			isa = PBXVariantGroup;
			children = (
				3B43296A24532EBC00CE3032 /* Base */,
			);
			name = LaunchScreen.storyboard;
			sourceTree = "<group>";
		};
/* End PBXVariantGroup section */

/* Begin XCBuildConfiguration section */
		3B43298324532EBC00CE3032 /* Debug */ = {
			isa = XCBuildConfiguration;
			buildSettings = {
				ALWAYS_SEARCH_USER_PATHS = NO;
				CLANG_ANALYZER_NONNULL = YES;
				CLANG_ANALYZER_NUMBER_OBJECT_CONVERSION = YES_AGGRESSIVE;
				CLANG_CXX_LANGUAGE_STANDARD = "gnu++14";
				CLANG_CXX_LIBRARY = "libc++";
				CLANG_ENABLE_MODULES = YES;
				CLANG_ENABLE_OBJC_ARC = YES;
				CLANG_ENABLE_OBJC_WEAK = YES;
				CLANG_WARN_BLOCK_CAPTURE_AUTORELEASING = YES;
				CLANG_WARN_BOOL_CONVERSION = YES;
				CLANG_WARN_COMMA = YES;
				CLANG_WARN_CONSTANT_CONVERSION = YES;
				CLANG_WARN_DEPRECATED_OBJC_IMPLEMENTATIONS = YES;
				CLANG_WARN_DIRECT_OBJC_ISA_USAGE = YES_ERROR;
				CLANG_WARN_DOCUMENTATION_COMMENTS = YES;
				CLANG_WARN_EMPTY_BODY = YES;
				CLANG_WARN_ENUM_CONVERSION = YES;
				CLANG_WARN_INFINITE_RECURSION = YES;
				CLANG_WARN_INT_CONVERSION = YES;
				CLANG_WARN_NON_LITERAL_NULL_CONVERSION = YES;
				CLANG_WARN_OBJC_IMPLICIT_RETAIN_SELF = YES;
				CLANG_WARN_OBJC_LITERAL_CONVERSION = YES;
				CLANG_WARN_OBJC_ROOT_CLASS = YES_ERROR;
				CLANG_WARN_RANGE_LOOP_ANALYSIS = YES;
				CLANG_WARN_STRICT_PROTOTYPES = YES;
				CLANG_WARN_SUSPICIOUS_MOVE = YES;
				CLANG_WARN_UNGUARDED_AVAILABILITY = YES_AGGRESSIVE;
				CLANG_WARN_UNREACHABLE_CODE = YES;
				CLANG_WARN__DUPLICATE_METHOD_MATCH = YES;
				COPY_PHASE_STRIP = NO;
				DEBUG_INFORMATION_FORMAT = dwarf;
				ENABLE_STRICT_OBJC_MSGSEND = YES;
				ENABLE_TESTABILITY = YES;
				GCC_C_LANGUAGE_STANDARD = gnu11;
				GCC_DYNAMIC_NO_PIC = NO;
				GCC_NO_COMMON_BLOCKS = YES;
				GCC_OPTIMIZATION_LEVEL = 0;
				GCC_PREPROCESSOR_DEFINITIONS = (
					"DEBUG=1",
					"$(inherited)",
				);
				GCC_WARN_64_TO_32_BIT_CONVERSION = YES;
				GCC_WARN_ABOUT_RETURN_TYPE = YES_ERROR;
				GCC_WARN_UNDECLARED_SELECTOR = YES;
				GCC_WARN_UNINITIALIZED_AUTOS = YES_AGGRESSIVE;
				GCC_WARN_UNUSED_FUNCTION = YES;
				GCC_WARN_UNUSED_VARIABLE = YES;
				IPHONEOS_DEPLOYMENT_TARGET = 13.4;
				MTL_ENABLE_DEBUG_INFO = INCLUDE_SOURCE;
				MTL_FAST_MATH = YES;
				ONLY_ACTIVE_ARCH = YES;
				SDKROOT = iphoneos;
				SWIFT_ACTIVE_COMPILATION_CONDITIONS = DEBUG;
				SWIFT_OPTIMIZATION_LEVEL = "-Onone";
			};
			name = Debug;
		};
		3B43298424532EBC00CE3032 /* Release */ = {
			isa = XCBuildConfiguration;
			buildSettings = {
				ALWAYS_SEARCH_USER_PATHS = NO;
				CLANG_ANALYZER_NONNULL = YES;
				CLANG_ANALYZER_NUMBER_OBJECT_CONVERSION = YES_AGGRESSIVE;
				CLANG_CXX_LANGUAGE_STANDARD = "gnu++14";
				CLANG_CXX_LIBRARY = "libc++";
				CLANG_ENABLE_MODULES = YES;
				CLANG_ENABLE_OBJC_ARC = YES;
				CLANG_ENABLE_OBJC_WEAK = YES;
				CLANG_WARN_BLOCK_CAPTURE_AUTORELEASING = YES;
				CLANG_WARN_BOOL_CONVERSION = YES;
				CLANG_WARN_COMMA = YES;
				CLANG_WARN_CONSTANT_CONVERSION = YES;
				CLANG_WARN_DEPRECATED_OBJC_IMPLEMENTATIONS = YES;
				CLANG_WARN_DIRECT_OBJC_ISA_USAGE = YES_ERROR;
				CLANG_WARN_DOCUMENTATION_COMMENTS = YES;
				CLANG_WARN_EMPTY_BODY = YES;
				CLANG_WARN_ENUM_CONVERSION = YES;
				CLANG_WARN_INFINITE_RECURSION = YES;
				CLANG_WARN_INT_CONVERSION = YES;
				CLANG_WARN_NON_LITERAL_NULL_CONVERSION = YES;
				CLANG_WARN_OBJC_IMPLICIT_RETAIN_SELF = YES;
				CLANG_WARN_OBJC_LITERAL_CONVERSION = YES;
				CLANG_WARN_OBJC_ROOT_CLASS = YES_ERROR;
				CLANG_WARN_RANGE_LOOP_ANALYSIS = YES;
				CLANG_WARN_STRICT_PROTOTYPES = YES;
				CLANG_WARN_SUSPICIOUS_MOVE = YES;
				CLANG_WARN_UNGUARDED_AVAILABILITY = YES_AGGRESSIVE;
				CLANG_WARN_UNREACHABLE_CODE = YES;
				CLANG_WARN__DUPLICATE_METHOD_MATCH = YES;
				COPY_PHASE_STRIP = NO;
				DEBUG_INFORMATION_FORMAT = "dwarf-with-dsym";
				ENABLE_NS_ASSERTIONS = NO;
				ENABLE_STRICT_OBJC_MSGSEND = YES;
				GCC_C_LANGUAGE_STANDARD = gnu11;
				GCC_NO_COMMON_BLOCKS = YES;
				GCC_WARN_64_TO_32_BIT_CONVERSION = YES;
				GCC_WARN_ABOUT_RETURN_TYPE = YES_ERROR;
				GCC_WARN_UNDECLARED_SELECTOR = YES;
				GCC_WARN_UNINITIALIZED_AUTOS = YES_AGGRESSIVE;
				GCC_WARN_UNUSED_FUNCTION = YES;
				GCC_WARN_UNUSED_VARIABLE = YES;
				IPHONEOS_DEPLOYMENT_TARGET = 13.4;
				MTL_ENABLE_DEBUG_INFO = NO;
				MTL_FAST_MATH = YES;
				SDKROOT = iphoneos;
				SWIFT_COMPILATION_MODE = wholemodule;
				SWIFT_OPTIMIZATION_LEVEL = "-O";
				VALIDATE_PRODUCT = YES;
			};
			name = Release;
		};
		3B43298624532EBC00CE3032 /* Debug */ = {
			isa = XCBuildConfiguration;
			buildSettings = {
				ASSETCATALOG_COMPILER_APPICON_NAME = AppIcon;
				CODE_SIGN_STYLE = Automatic;
				CURRENT_PROJECT_VERSION = 2;
				DEVELOPMENT_ASSET_PATHS = "\"Dought/Preview Content\"";
				DEVELOPMENT_TEAM = TLD24BM42Z;
				ENABLE_PREVIEWS = YES;
				INFOPLIST_FILE = Dought/Info.plist;
				IPHONEOS_DEPLOYMENT_TARGET = 13.0;
				LD_RUNPATH_SEARCH_PATHS = (
					"$(inherited)",
					"@executable_path/Frameworks",
				);
				PRODUCT_BUNDLE_IDENTIFIER = uk.uniek.Dought;
				PRODUCT_NAME = "$(TARGET_NAME)";
				SWIFT_VERSION = 5.0;
				TARGETED_DEVICE_FAMILY = "1,2";
			};
			name = Debug;
		};
		3B43298724532EBC00CE3032 /* Release */ = {
			isa = XCBuildConfiguration;
			buildSettings = {
				ASSETCATALOG_COMPILER_APPICON_NAME = AppIcon;
				CODE_SIGN_STYLE = Automatic;
				CURRENT_PROJECT_VERSION = 2;
				DEVELOPMENT_ASSET_PATHS = "\"Dought/Preview Content\"";
				DEVELOPMENT_TEAM = TLD24BM42Z;
				ENABLE_PREVIEWS = YES;
				INFOPLIST_FILE = Dought/Info.plist;
				IPHONEOS_DEPLOYMENT_TARGET = 13.0;
				LD_RUNPATH_SEARCH_PATHS = (
					"$(inherited)",
					"@executable_path/Frameworks",
				);
				PRODUCT_BUNDLE_IDENTIFIER = uk.uniek.Dought;
				PRODUCT_NAME = "$(TARGET_NAME)";
				SWIFT_VERSION = 5.0;
				TARGETED_DEVICE_FAMILY = "1,2";
			};
			name = Release;
		};
		3B43298924532EBC00CE3032 /* Debug */ = {
			isa = XCBuildConfiguration;
			buildSettings = {
				ALWAYS_EMBED_SWIFT_STANDARD_LIBRARIES = YES;
				BUNDLE_LOADER = "$(TEST_HOST)";
				CODE_SIGN_STYLE = Automatic;
				DEVELOPMENT_TEAM = TLD24BM42Z;
				INFOPLIST_FILE = DoughtTests/Info.plist;
				IPHONEOS_DEPLOYMENT_TARGET = 13.4;
				LD_RUNPATH_SEARCH_PATHS = (
					"$(inherited)",
					"@executable_path/Frameworks",
					"@loader_path/Frameworks",
				);
				PRODUCT_BUNDLE_IDENTIFIER = uk.uniek.DoughtTests;
				PRODUCT_NAME = "$(TARGET_NAME)";
				SWIFT_VERSION = 5.0;
				TARGETED_DEVICE_FAMILY = "1,2";
				TEST_HOST = "$(BUILT_PRODUCTS_DIR)/Dought.app/Dought";
			};
			name = Debug;
		};
		3B43298A24532EBC00CE3032 /* Release */ = {
			isa = XCBuildConfiguration;
			buildSettings = {
				ALWAYS_EMBED_SWIFT_STANDARD_LIBRARIES = YES;
				BUNDLE_LOADER = "$(TEST_HOST)";
				CODE_SIGN_STYLE = Automatic;
				DEVELOPMENT_TEAM = TLD24BM42Z;
				INFOPLIST_FILE = DoughtTests/Info.plist;
				IPHONEOS_DEPLOYMENT_TARGET = 13.4;
				LD_RUNPATH_SEARCH_PATHS = (
					"$(inherited)",
					"@executable_path/Frameworks",
					"@loader_path/Frameworks",
				);
				PRODUCT_BUNDLE_IDENTIFIER = uk.uniek.DoughtTests;
				PRODUCT_NAME = "$(TARGET_NAME)";
				SWIFT_VERSION = 5.0;
				TARGETED_DEVICE_FAMILY = "1,2";
				TEST_HOST = "$(BUILT_PRODUCTS_DIR)/Dought.app/Dought";
			};
			name = Release;
		};
		3B43298C24532EBC00CE3032 /* Debug */ = {
			isa = XCBuildConfiguration;
			buildSettings = {
				ALWAYS_EMBED_SWIFT_STANDARD_LIBRARIES = YES;
				CODE_SIGN_STYLE = Automatic;
				DEVELOPMENT_TEAM = TLD24BM42Z;
				INFOPLIST_FILE = DoughtUITests/Info.plist;
				LD_RUNPATH_SEARCH_PATHS = (
					"$(inherited)",
					"@executable_path/Frameworks",
					"@loader_path/Frameworks",
				);
				PRODUCT_BUNDLE_IDENTIFIER = uk.uniek.DoughtUITests;
				PRODUCT_NAME = "$(TARGET_NAME)";
				SWIFT_VERSION = 5.0;
				TARGETED_DEVICE_FAMILY = "1,2";
				TEST_TARGET_NAME = Dought;
			};
			name = Debug;
		};
		3B43298D24532EBC00CE3032 /* Release */ = {
			isa = XCBuildConfiguration;
			buildSettings = {
				ALWAYS_EMBED_SWIFT_STANDARD_LIBRARIES = YES;
				CODE_SIGN_STYLE = Automatic;
				DEVELOPMENT_TEAM = TLD24BM42Z;
				INFOPLIST_FILE = DoughtUITests/Info.plist;
				LD_RUNPATH_SEARCH_PATHS = (
					"$(inherited)",
					"@executable_path/Frameworks",
					"@loader_path/Frameworks",
				);
				PRODUCT_BUNDLE_IDENTIFIER = uk.uniek.DoughtUITests;
				PRODUCT_NAME = "$(TARGET_NAME)";
				SWIFT_VERSION = 5.0;
				TARGETED_DEVICE_FAMILY = "1,2";
				TEST_TARGET_NAME = Dought;
			};
			name = Release;
		};
/* End XCBuildConfiguration section */

/* Begin XCConfigurationList section */
		3B43295624532EBA00CE3032 /* Build configuration list for PBXProject "Dought" */ = {
			isa = XCConfigurationList;
			buildConfigurations = (
				3B43298324532EBC00CE3032 /* Debug */,
				3B43298424532EBC00CE3032 /* Release */,
			);
			defaultConfigurationIsVisible = 0;
			defaultConfigurationName = Release;
		};
		3B43298524532EBC00CE3032 /* Build configuration list for PBXNativeTarget "Dought" */ = {
			isa = XCConfigurationList;
			buildConfigurations = (
				3B43298624532EBC00CE3032 /* Debug */,
				3B43298724532EBC00CE3032 /* Release */,
			);
			defaultConfigurationIsVisible = 0;
			defaultConfigurationName = Release;
		};
		3B43298824532EBC00CE3032 /* Build configuration list for PBXNativeTarget "DoughtTests" */ = {
			isa = XCConfigurationList;
			buildConfigurations = (
				3B43298924532EBC00CE3032 /* Debug */,
				3B43298A24532EBC00CE3032 /* Release */,
			);
			defaultConfigurationIsVisible = 0;
			defaultConfigurationName = Release;
		};
		3B43298B24532EBC00CE3032 /* Build configuration list for PBXNativeTarget "DoughtUITests" */ = {
			isa = XCConfigurationList;
			buildConfigurations = (
				3B43298C24532EBC00CE3032 /* Debug */,
				3B43298D24532EBC00CE3032 /* Release */,
			);
			defaultConfigurationIsVisible = 0;
			defaultConfigurationName = Release;
		};
/* End XCConfigurationList section */
	};
	rootObject = 3B43295324532EBA00CE3032 /* Project object */;
}
