// !$*UTF8*$!
{
	archiveVersion = 1;
	classes = {
	};
	objectVersion = 52;
	objects = {

/* Begin PBXBuildFile section */
		3B33993E245B12A200B472C0 /* AppDefaults.swift in Sources */ = {isa = PBXBuildFile; fileRef = 3B33993D245B12A200B472C0 /* AppDefaults.swift */; };
		3B3399472461A2A400B472C0 /* Date_Extensions.swift in Sources */ = {isa = PBXBuildFile; fileRef = 3B3399462461A2A400B472C0 /* Date_Extensions.swift */; };
		3B33994A2461A9ED00B472C0 /* TimeCalculatorTests.swift in Sources */ = {isa = PBXBuildFile; fileRef = 3B3399492461A9ED00B472C0 /* TimeCalculatorTests.swift */; };
		3B43295F24532EBA00CE3032 /* AppDelegate.swift in Sources */ = {isa = PBXBuildFile; fileRef = 3B43295E24532EBA00CE3032 /* AppDelegate.swift */; };
		3B43296124532EBA00CE3032 /* SceneDelegate.swift in Sources */ = {isa = PBXBuildFile; fileRef = 3B43296024532EBA00CE3032 /* SceneDelegate.swift */; };
		3B43296324532EBA00CE3032 /* ContentView.swift in Sources */ = {isa = PBXBuildFile; fileRef = 3B43296224532EBA00CE3032 /* ContentView.swift */; };
		3B43296524532EBC00CE3032 /* Assets.xcassets in Resources */ = {isa = PBXBuildFile; fileRef = 3B43296424532EBC00CE3032 /* Assets.xcassets */; };
		3B43296824532EBC00CE3032 /* Preview Assets.xcassets in Resources */ = {isa = PBXBuildFile; fileRef = 3B43296724532EBC00CE3032 /* Preview Assets.xcassets */; };
		3B43296B24532EBC00CE3032 /* LaunchScreen.storyboard in Resources */ = {isa = PBXBuildFile; fileRef = 3B43296924532EBC00CE3032 /* LaunchScreen.storyboard */; };
		3B43297624532EBC00CE3032 /* DoughtTests.swift in Sources */ = {isa = PBXBuildFile; fileRef = 3B43297524532EBC00CE3032 /* DoughtTests.swift */; };
		3B43298124532EBC00CE3032 /* DoughtUITests.swift in Sources */ = {isa = PBXBuildFile; fileRef = 3B43298024532EBC00CE3032 /* DoughtUITests.swift */; };
		3B4ADFE424758B3E00EA1AED /* ChooseDayView.swift in Sources */ = {isa = PBXBuildFile; fileRef = 3B4ADFE324758B3E00EA1AED /* ChooseDayView.swift */; };
		3B4ADFE9247692D700EA1AED /* BakesListView.swift in Sources */ = {isa = PBXBuildFile; fileRef = 3B4ADFE8247692D700EA1AED /* BakesListView.swift */; };
		3B4ADFEC2476B6FE00EA1AED /* NoActiveBakeCard.swift in Sources */ = {isa = PBXBuildFile; fileRef = 3B4ADFEB2476B6FE00EA1AED /* NoActiveBakeCard.swift */; };
		3B4ADFEE2476B7EC00EA1AED /* Bake.swift in Sources */ = {isa = PBXBuildFile; fileRef = 3B4ADFED2476B7EC00EA1AED /* Bake.swift */; };
		3B4ADFF12476B8B400EA1AED /* ActiveBakeView.swift in Sources */ = {isa = PBXBuildFile; fileRef = 3B4ADFF02476B8B400EA1AED /* ActiveBakeView.swift */; };
		3B4ADFF32476F24A00EA1AED /* View_Extensions.swift in Sources */ = {isa = PBXBuildFile; fileRef = 3B4ADFF22476F24A00EA1AED /* View_Extensions.swift */; };
		3B5EBEA82473ECC3004E0AD4 /* ScheduleView.swift in Sources */ = {isa = PBXBuildFile; fileRef = 3B5EBEA72473ECC3004E0AD4 /* ScheduleView.swift */; };
		3B5EBEAD247526C9004E0AD4 /* ScheduleStageCard.swift in Sources */ = {isa = PBXBuildFile; fileRef = 3B5EBEAC247526C9004E0AD4 /* ScheduleStageCard.swift */; };
		3B5EBEB0247527E7004E0AD4 /* StageHeaderRow.swift in Sources */ = {isa = PBXBuildFile; fileRef = 3B5EBEAF247527E7004E0AD4 /* StageHeaderRow.swift */; };
		3B5EBEB224752843004E0AD4 /* StepRow.swift in Sources */ = {isa = PBXBuildFile; fileRef = 3B5EBEB124752843004E0AD4 /* StepRow.swift */; };
		3B5EBEB424754473004E0AD4 /* Schedule.swift in Sources */ = {isa = PBXBuildFile; fileRef = 3B5EBEB324754473004E0AD4 /* Schedule.swift */; };
		3B5EBEB624754892004E0AD4 /* DevelopmentMocks.swift in Sources */ = {isa = PBXBuildFile; fileRef = 3B5EBEB524754892004E0AD4 /* DevelopmentMocks.swift */; };
		3B5EBEB924758298004E0AD4 /* SchedulesListView.swift in Sources */ = {isa = PBXBuildFile; fileRef = 3B5EBEB824758298004E0AD4 /* SchedulesListView.swift */; };
		3B97F46E2477CEA20031B160 /* Time in Frameworks */ = {isa = PBXBuildFile; productRef = 3B97F46D2477CEA20031B160 /* Time */; };
		3B97F4712477F3640031B160 /* Formatters.swift in Sources */ = {isa = PBXBuildFile; fileRef = 3B97F4702477F3640031B160 /* Formatters.swift */; };
		3B97F47B247BD6730031B160 /* StepsList.swift in Sources */ = {isa = PBXBuildFile; fileRef = 3B97F47A247BD6730031B160 /* StepsList.swift */; };
		3B97F47D247BD6F00031B160 /* StagesList.swift in Sources */ = {isa = PBXBuildFile; fileRef = 3B97F47C247BD6F00031B160 /* StagesList.swift */; };
		3B97F480247D637E0031B160 /* Tagged in Frameworks */ = {isa = PBXBuildFile; productRef = 3B97F47F247D637E0031B160 /* Tagged */; };
		3B97F483247D64BD0031B160 /* ComposableArchitecture in Frameworks */ = {isa = PBXBuildFile; productRef = 3B97F482247D64BD0031B160 /* ComposableArchitecture */; };
		3B97F486247D67B60031B160 /* AppDomainTypes.swift in Sources */ = {isa = PBXBuildFile; fileRef = 3B97F485247D67B60031B160 /* AppDomainTypes.swift */; };
		3B97F488247D6FCE0031B160 /* AppView.swift in Sources */ = {isa = PBXBuildFile; fileRef = 3B97F487247D6FCE0031B160 /* AppView.swift */; };
		9E38451F3101DF502C1466CC /* Pods_Dought.framework in Frameworks */ = {isa = PBXBuildFile; fileRef = B983C5B39464B94E56001533 /* Pods_Dought.framework */; };
		C64B0DC72B7B3ED8A978E80D /* Pods_Dought_DoughtUITests.framework in Frameworks */ = {isa = PBXBuildFile; fileRef = A799FC69E233D8EBF531C467 /* Pods_Dought_DoughtUITests.framework */; };
		D9F36CFD4EB2789833903191 /* Pods_DoughtTests.framework in Frameworks */ = {isa = PBXBuildFile; fileRef = 18CF76EDD7A73040E3E9DF14 /* Pods_DoughtTests.framework */; };
/* End PBXBuildFile section */

/* Begin PBXContainerItemProxy section */
		3B43297224532EBC00CE3032 /* PBXContainerItemProxy */ = {
			isa = PBXContainerItemProxy;
			containerPortal = 3B43295324532EBA00CE3032 /* Project object */;
			proxyType = 1;
			remoteGlobalIDString = 3B43295A24532EBA00CE3032;
			remoteInfo = Dought;
		};
		3B43297D24532EBC00CE3032 /* PBXContainerItemProxy */ = {
			isa = PBXContainerItemProxy;
			containerPortal = 3B43295324532EBA00CE3032 /* Project object */;
			proxyType = 1;
			remoteGlobalIDString = 3B43295A24532EBA00CE3032;
			remoteInfo = Dought;
		};
/* End PBXContainerItemProxy section */

/* Begin PBXCopyFilesBuildPhase section */
		3B97F47924780FC80031B160 /* Embed Frameworks */ = {
			isa = PBXCopyFilesBuildPhase;
			buildActionMask = 2147483647;
			dstPath = "";
			dstSubfolderSpec = 10;
			files = (
			);
			name = "Embed Frameworks";
			runOnlyForDeploymentPostprocessing = 0;
		};
/* End PBXCopyFilesBuildPhase section */

/* Begin PBXFileReference section */
		18CF76EDD7A73040E3E9DF14 /* Pods_DoughtTests.framework */ = {isa = PBXFileReference; explicitFileType = wrapper.framework; includeInIndex = 0; path = Pods_DoughtTests.framework; sourceTree = BUILT_PRODUCTS_DIR; };
		18D837923AA8DF89319A1BAA /* Pods-Dought.debug.xcconfig */ = {isa = PBXFileReference; includeInIndex = 1; lastKnownFileType = text.xcconfig; name = "Pods-Dought.debug.xcconfig"; path = "Target Support Files/Pods-Dought/Pods-Dought.debug.xcconfig"; sourceTree = "<group>"; };
		3B33993D245B12A200B472C0 /* AppDefaults.swift */ = {isa = PBXFileReference; lastKnownFileType = sourcecode.swift; path = AppDefaults.swift; sourceTree = "<group>"; };
		3B3399462461A2A400B472C0 /* Date_Extensions.swift */ = {isa = PBXFileReference; lastKnownFileType = sourcecode.swift; path = Date_Extensions.swift; sourceTree = "<group>"; };
		3B3399492461A9ED00B472C0 /* TimeCalculatorTests.swift */ = {isa = PBXFileReference; lastKnownFileType = sourcecode.swift; path = TimeCalculatorTests.swift; sourceTree = "<group>"; };
		3B43295B24532EBA00CE3032 /* Dought.app */ = {isa = PBXFileReference; explicitFileType = wrapper.application; includeInIndex = 0; path = Dought.app; sourceTree = BUILT_PRODUCTS_DIR; };
		3B43295E24532EBA00CE3032 /* AppDelegate.swift */ = {isa = PBXFileReference; lastKnownFileType = sourcecode.swift; path = AppDelegate.swift; sourceTree = "<group>"; };
		3B43296024532EBA00CE3032 /* SceneDelegate.swift */ = {isa = PBXFileReference; lastKnownFileType = sourcecode.swift; path = SceneDelegate.swift; sourceTree = "<group>"; };
		3B43296224532EBA00CE3032 /* ContentView.swift */ = {isa = PBXFileReference; lastKnownFileType = sourcecode.swift; path = ContentView.swift; sourceTree = "<group>"; };
		3B43296424532EBC00CE3032 /* Assets.xcassets */ = {isa = PBXFileReference; lastKnownFileType = folder.assetcatalog; path = Assets.xcassets; sourceTree = "<group>"; };
		3B43296724532EBC00CE3032 /* Preview Assets.xcassets */ = {isa = PBXFileReference; lastKnownFileType = folder.assetcatalog; path = "Preview Assets.xcassets"; sourceTree = "<group>"; };
		3B43296A24532EBC00CE3032 /* Base */ = {isa = PBXFileReference; lastKnownFileType = file.storyboard; name = Base; path = Base.lproj/LaunchScreen.storyboard; sourceTree = "<group>"; };
		3B43296C24532EBC00CE3032 /* Info.plist */ = {isa = PBXFileReference; lastKnownFileType = text.plist.xml; path = Info.plist; sourceTree = "<group>"; };
		3B43297124532EBC00CE3032 /* DoughtTests.xctest */ = {isa = PBXFileReference; explicitFileType = wrapper.cfbundle; includeInIndex = 0; path = DoughtTests.xctest; sourceTree = BUILT_PRODUCTS_DIR; };
		3B43297524532EBC00CE3032 /* DoughtTests.swift */ = {isa = PBXFileReference; lastKnownFileType = sourcecode.swift; path = DoughtTests.swift; sourceTree = "<group>"; };
		3B43297724532EBC00CE3032 /* Info.plist */ = {isa = PBXFileReference; lastKnownFileType = text.plist.xml; path = Info.plist; sourceTree = "<group>"; };
		3B43297C24532EBC00CE3032 /* DoughtUITests.xctest */ = {isa = PBXFileReference; explicitFileType = wrapper.cfbundle; includeInIndex = 0; path = DoughtUITests.xctest; sourceTree = BUILT_PRODUCTS_DIR; };
		3B43298024532EBC00CE3032 /* DoughtUITests.swift */ = {isa = PBXFileReference; lastKnownFileType = sourcecode.swift; path = DoughtUITests.swift; sourceTree = "<group>"; };
		3B43298224532EBC00CE3032 /* Info.plist */ = {isa = PBXFileReference; lastKnownFileType = text.plist.xml; path = Info.plist; sourceTree = "<group>"; };
		3B4ADFE324758B3E00EA1AED /* ChooseDayView.swift */ = {isa = PBXFileReference; lastKnownFileType = sourcecode.swift; path = ChooseDayView.swift; sourceTree = "<group>"; };
		3B4ADFE8247692D700EA1AED /* BakesListView.swift */ = {isa = PBXFileReference; lastKnownFileType = sourcecode.swift; path = BakesListView.swift; sourceTree = "<group>"; };
		3B4ADFEB2476B6FE00EA1AED /* NoActiveBakeCard.swift */ = {isa = PBXFileReference; lastKnownFileType = sourcecode.swift; path = NoActiveBakeCard.swift; sourceTree = "<group>"; };
		3B4ADFED2476B7EC00EA1AED /* Bake.swift */ = {isa = PBXFileReference; lastKnownFileType = sourcecode.swift; path = Bake.swift; sourceTree = "<group>"; };
		3B4ADFF02476B8B400EA1AED /* ActiveBakeView.swift */ = {isa = PBXFileReference; lastKnownFileType = sourcecode.swift; path = ActiveBakeView.swift; sourceTree = "<group>"; };
		3B4ADFF22476F24A00EA1AED /* View_Extensions.swift */ = {isa = PBXFileReference; lastKnownFileType = sourcecode.swift; path = View_Extensions.swift; sourceTree = "<group>"; };
		3B5EBEA72473ECC3004E0AD4 /* ScheduleView.swift */ = {isa = PBXFileReference; lastKnownFileType = sourcecode.swift; path = ScheduleView.swift; sourceTree = "<group>"; };
		3B5EBEAC247526C9004E0AD4 /* ScheduleStageCard.swift */ = {isa = PBXFileReference; lastKnownFileType = sourcecode.swift; path = ScheduleStageCard.swift; sourceTree = "<group>"; };
		3B5EBEAF247527E7004E0AD4 /* StageHeaderRow.swift */ = {isa = PBXFileReference; lastKnownFileType = sourcecode.swift; path = StageHeaderRow.swift; sourceTree = "<group>"; };
		3B5EBEB124752843004E0AD4 /* StepRow.swift */ = {isa = PBXFileReference; lastKnownFileType = sourcecode.swift; path = StepRow.swift; sourceTree = "<group>"; };
		3B5EBEB324754473004E0AD4 /* Schedule.swift */ = {isa = PBXFileReference; lastKnownFileType = sourcecode.swift; path = Schedule.swift; sourceTree = "<group>"; };
		3B5EBEB524754892004E0AD4 /* DevelopmentMocks.swift */ = {isa = PBXFileReference; lastKnownFileType = sourcecode.swift; path = DevelopmentMocks.swift; sourceTree = "<group>"; };
		3B5EBEB824758298004E0AD4 /* SchedulesListView.swift */ = {isa = PBXFileReference; lastKnownFileType = sourcecode.swift; path = SchedulesListView.swift; sourceTree = "<group>"; };
		3B97F4702477F3640031B160 /* Formatters.swift */ = {isa = PBXFileReference; lastKnownFileType = sourcecode.swift; path = Formatters.swift; sourceTree = "<group>"; };
		3B97F47A247BD6730031B160 /* StepsList.swift */ = {isa = PBXFileReference; lastKnownFileType = sourcecode.swift; path = StepsList.swift; sourceTree = "<group>"; };
		3B97F47C247BD6F00031B160 /* StagesList.swift */ = {isa = PBXFileReference; lastKnownFileType = sourcecode.swift; path = StagesList.swift; sourceTree = "<group>"; };
		3B97F485247D67B60031B160 /* AppDomainTypes.swift */ = {isa = PBXFileReference; lastKnownFileType = sourcecode.swift; path = AppDomainTypes.swift; sourceTree = "<group>"; };
		3B97F487247D6FCE0031B160 /* AppView.swift */ = {isa = PBXFileReference; lastKnownFileType = sourcecode.swift; path = AppView.swift; sourceTree = "<group>"; };
		3D7A16001D34920FE4FDE121 /* Pods-DoughtTests.release.xcconfig */ = {isa = PBXFileReference; includeInIndex = 1; lastKnownFileType = text.xcconfig; name = "Pods-DoughtTests.release.xcconfig"; path = "Target Support Files/Pods-DoughtTests/Pods-DoughtTests.release.xcconfig"; sourceTree = "<group>"; };
		5FAE3D1BAF109F7F160CDEC0 /* Pods-Dought-DoughtUITests.release.xcconfig */ = {isa = PBXFileReference; includeInIndex = 1; lastKnownFileType = text.xcconfig; name = "Pods-Dought-DoughtUITests.release.xcconfig"; path = "Target Support Files/Pods-Dought-DoughtUITests/Pods-Dought-DoughtUITests.release.xcconfig"; sourceTree = "<group>"; };
		73DC6B9A2775C8B73ED96783 /* Pods-Dought.release.xcconfig */ = {isa = PBXFileReference; includeInIndex = 1; lastKnownFileType = text.xcconfig; name = "Pods-Dought.release.xcconfig"; path = "Target Support Files/Pods-Dought/Pods-Dought.release.xcconfig"; sourceTree = "<group>"; };
		83DAB5ABFFE3952C92B99078 /* Pods-DoughtTests.debug.xcconfig */ = {isa = PBXFileReference; includeInIndex = 1; lastKnownFileType = text.xcconfig; name = "Pods-DoughtTests.debug.xcconfig"; path = "Target Support Files/Pods-DoughtTests/Pods-DoughtTests.debug.xcconfig"; sourceTree = "<group>"; };
		A799FC69E233D8EBF531C467 /* Pods_Dought_DoughtUITests.framework */ = {isa = PBXFileReference; explicitFileType = wrapper.framework; includeInIndex = 0; path = Pods_Dought_DoughtUITests.framework; sourceTree = BUILT_PRODUCTS_DIR; };
		B1CA428148CE7565B999235D /* Pods-Dought-DoughtUITests.debug.xcconfig */ = {isa = PBXFileReference; includeInIndex = 1; lastKnownFileType = text.xcconfig; name = "Pods-Dought-DoughtUITests.debug.xcconfig"; path = "Target Support Files/Pods-Dought-DoughtUITests/Pods-Dought-DoughtUITests.debug.xcconfig"; sourceTree = "<group>"; };
		B983C5B39464B94E56001533 /* Pods_Dought.framework */ = {isa = PBXFileReference; explicitFileType = wrapper.framework; includeInIndex = 0; path = Pods_Dought.framework; sourceTree = BUILT_PRODUCTS_DIR; };
/* End PBXFileReference section */

/* Begin PBXFrameworksBuildPhase section */
		3B43295824532EBA00CE3032 /* Frameworks */ = {
			isa = PBXFrameworksBuildPhase;
			buildActionMask = 2147483647;
			files = (
				3B97F480247D637E0031B160 /* Tagged in Frameworks */,
				9E38451F3101DF502C1466CC /* Pods_Dought.framework in Frameworks */,
				3B97F483247D64BD0031B160 /* ComposableArchitecture in Frameworks */,
				3B97F46E2477CEA20031B160 /* Time in Frameworks */,
			);
			runOnlyForDeploymentPostprocessing = 0;
		};
		3B43296E24532EBC00CE3032 /* Frameworks */ = {
			isa = PBXFrameworksBuildPhase;
			buildActionMask = 2147483647;
			files = (
				D9F36CFD4EB2789833903191 /* Pods_DoughtTests.framework in Frameworks */,
			);
			runOnlyForDeploymentPostprocessing = 0;
		};
		3B43297924532EBC00CE3032 /* Frameworks */ = {
			isa = PBXFrameworksBuildPhase;
			buildActionMask = 2147483647;
			files = (
				C64B0DC72B7B3ED8A978E80D /* Pods_Dought_DoughtUITests.framework in Frameworks */,
			);
			runOnlyForDeploymentPostprocessing = 0;
		};
/* End PBXFrameworksBuildPhase section */

/* Begin PBXGroup section */
		321C5C9CA9163DB52D4E2BB8 /* Frameworks */ = {
			isa = PBXGroup;
			children = (
				B983C5B39464B94E56001533 /* Pods_Dought.framework */,
				A799FC69E233D8EBF531C467 /* Pods_Dought_DoughtUITests.framework */,
				18CF76EDD7A73040E3E9DF14 /* Pods_DoughtTests.framework */,
			);
			name = Frameworks;
			sourceTree = "<group>";
		};
		3B33993C245B129400B472C0 /* Core */ = {
			isa = PBXGroup;
			children = (
				3BAC417224758AF100CBC215 /* Choose Day Modal */,
				3B97F46F2477F34C0031B160 /* Foundation */,
				3B33993F245B15BD00B472C0 /* Views */,
				3B33993D245B12A200B472C0 /* AppDefaults.swift */,
				3B97F4702477F3640031B160 /* Formatters.swift */,
			);
			path = Core;
			sourceTree = "<group>";
		};
		3B33993F245B15BD00B472C0 /* Views */ = {
			isa = PBXGroup;
			children = (
				3B4ADFF22476F24A00EA1AED /* View_Extensions.swift */,
			);
			path = Views;
			sourceTree = "<group>";
		};
		3B3399482461A9D800B472C0 /* Core */ = {
			isa = PBXGroup;
			children = (
				3B3399492461A9ED00B472C0 /* TimeCalculatorTests.swift */,
			);
			path = Core;
			sourceTree = "<group>";
		};
		3B43295224532EBA00CE3032 = {
			isa = PBXGroup;
			children = (
				3B43295D24532EBA00CE3032 /* Dought */,
				3B43297424532EBC00CE3032 /* DoughtTests */,
				3B43297F24532EBC00CE3032 /* DoughtUITests */,
				3B43295C24532EBA00CE3032 /* Products */,
				ADC5E3DEC77BAEBFC3789672 /* Pods */,
				321C5C9CA9163DB52D4E2BB8 /* Frameworks */,
			);
			sourceTree = "<group>";
		};
		3B43295C24532EBA00CE3032 /* Products */ = {
			isa = PBXGroup;
			children = (
				3B43295B24532EBA00CE3032 /* Dought.app */,
				3B43297124532EBC00CE3032 /* DoughtTests.xctest */,
				3B43297C24532EBC00CE3032 /* DoughtUITests.xctest */,
			);
			name = Products;
			sourceTree = "<group>";
		};
		3B43295D24532EBA00CE3032 /* Dought */ = {
			isa = PBXGroup;
			children = (
				3B97F485247D67B60031B160 /* AppDomainTypes.swift */,
				3B97F487247D6FCE0031B160 /* AppView.swift */,
				3B4ADFE7247692C900EA1AED /* Bakes */,
				3B97F484247D66F10031B160 /* Schedules */,
				3B33993C245B129400B472C0 /* Core */,
				3B43295E24532EBA00CE3032 /* AppDelegate.swift */,
				3B43296024532EBA00CE3032 /* SceneDelegate.swift */,
				3B43296224532EBA00CE3032 /* ContentView.swift */,
				3B43296424532EBC00CE3032 /* Assets.xcassets */,
				3B43296924532EBC00CE3032 /* LaunchScreen.storyboard */,
				3B43296C24532EBC00CE3032 /* Info.plist */,
				3B43296624532EBC00CE3032 /* Preview Content */,
			);
			path = Dought;
			sourceTree = "<group>";
		};
		3B43296624532EBC00CE3032 /* Preview Content */ = {
			isa = PBXGroup;
			children = (
				3B43296724532EBC00CE3032 /* Preview Assets.xcassets */,
			);
			path = "Preview Content";
			sourceTree = "<group>";
		};
		3B43297424532EBC00CE3032 /* DoughtTests */ = {
			isa = PBXGroup;
			children = (
				3B3399482461A9D800B472C0 /* Core */,
				3B43297524532EBC00CE3032 /* DoughtTests.swift */,
				3B43297724532EBC00CE3032 /* Info.plist */,
			);
			path = DoughtTests;
			sourceTree = "<group>";
		};
		3B43297F24532EBC00CE3032 /* DoughtUITests */ = {
			isa = PBXGroup;
			children = (
				3B43298024532EBC00CE3032 /* DoughtUITests.swift */,
				3B43298224532EBC00CE3032 /* Info.plist */,
			);
			path = DoughtUITests;
			sourceTree = "<group>";
		};
		3B4ADFE7247692C900EA1AED /* Bakes */ = {
			isa = PBXGroup;
			children = (
				3B4ADFE8247692D700EA1AED /* BakesListView.swift */,
				3B4ADFED2476B7EC00EA1AED /* Bake.swift */,
				3B4ADFEF2476B8A700EA1AED /* Active Bake */,
				3B4ADFEA2476B6EA00EA1AED /* No Active Bake */,
			);
			path = Bakes;
			sourceTree = "<group>";
		};
		3B4ADFEA2476B6EA00EA1AED /* No Active Bake */ = {
			isa = PBXGroup;
			children = (
				3B4ADFEB2476B6FE00EA1AED /* NoActiveBakeCard.swift */,
			);
			path = "No Active Bake";
			sourceTree = "<group>";
		};
		3B4ADFEF2476B8A700EA1AED /* Active Bake */ = {
			isa = PBXGroup;
			children = (
				3B4ADFF02476B8B400EA1AED /* ActiveBakeView.swift */,
				3B97F47A247BD6730031B160 /* StepsList.swift */,
				3B97F47C247BD6F00031B160 /* StagesList.swift */,
			);
			path = "Active Bake";
			sourceTree = "<group>";
		};
		3B5EBEA62473EC93004E0AD4 /* Schedule */ = {
			isa = PBXGroup;
			children = (
				3B5EBEA924752698004E0AD4 /* Stage */,
				3B5EBEB324754473004E0AD4 /* Schedule.swift */,
				3B5EBEA72473ECC3004E0AD4 /* ScheduleView.swift */,
				3B5EBEB524754892004E0AD4 /* DevelopmentMocks.swift */,
			);
			path = Schedule;
			sourceTree = "<group>";
		};
		3B5EBEA924752698004E0AD4 /* Stage */ = {
			isa = PBXGroup;
			children = (
				3B5EBEAC247526C9004E0AD4 /* ScheduleStageCard.swift */,
				3B5EBEAE247527A9004E0AD4 /* Subviews */,
			);
			path = Stage;
			sourceTree = "<group>";
		};
		3B5EBEAE247527A9004E0AD4 /* Subviews */ = {
			isa = PBXGroup;
			children = (
				3B5EBEAF247527E7004E0AD4 /* StageHeaderRow.swift */,
				3B5EBEB124752843004E0AD4 /* StepRow.swift */,
			);
			path = Subviews;
			sourceTree = "<group>";
		};
		3B5EBEB724758287004E0AD4 /* Schedules List */ = {
			isa = PBXGroup;
			children = (
				3B5EBEB824758298004E0AD4 /* SchedulesListView.swift */,
			);
			path = "Schedules List";
			sourceTree = "<group>";
		};
		3B97F46F2477F34C0031B160 /* Foundation */ = {
			isa = PBXGroup;
			children = (
				3B3399462461A2A400B472C0 /* Date_Extensions.swift */,
			);
			path = Foundation;
			sourceTree = "<group>";
		};
		3B97F484247D66F10031B160 /* Schedules */ = {
			isa = PBXGroup;
			children = (
				3B5EBEB724758287004E0AD4 /* Schedules List */,
				3B5EBEA62473EC93004E0AD4 /* Schedule */,
			);
			path = Schedules;
			sourceTree = "<group>";
		};
		3BAC417224758AF100CBC215 /* Choose Day Modal */ = {
			isa = PBXGroup;
			children = (
				3B4ADFE324758B3E00EA1AED /* ChooseDayView.swift */,
			);
			path = "Choose Day Modal";
			sourceTree = "<group>";
		};
		ADC5E3DEC77BAEBFC3789672 /* Pods */ = {
			isa = PBXGroup;
			children = (
				18D837923AA8DF89319A1BAA /* Pods-Dought.debug.xcconfig */,
				73DC6B9A2775C8B73ED96783 /* Pods-Dought.release.xcconfig */,
				B1CA428148CE7565B999235D /* Pods-Dought-DoughtUITests.debug.xcconfig */,
				5FAE3D1BAF109F7F160CDEC0 /* Pods-Dought-DoughtUITests.release.xcconfig */,
				83DAB5ABFFE3952C92B99078 /* Pods-DoughtTests.debug.xcconfig */,
				3D7A16001D34920FE4FDE121 /* Pods-DoughtTests.release.xcconfig */,
			);
			path = Pods;
			sourceTree = "<group>";
		};
/* End PBXGroup section */

/* Begin PBXNativeTarget section */
		3B43295A24532EBA00CE3032 /* Dought */ = {
			isa = PBXNativeTarget;
			buildConfigurationList = 3B43298524532EBC00CE3032 /* Build configuration list for PBXNativeTarget "Dought" */;
			buildPhases = (
				CE92DE47A4532B3C2F975AFF /* [CP] Check Pods Manifest.lock */,
				3B43295724532EBA00CE3032 /* Sources */,
				3B43295824532EBA00CE3032 /* Frameworks */,
				3B43295924532EBA00CE3032 /* Resources */,
				AFA2A28AA5BEE7B8CC09DB85 /* [CP] Embed Pods Frameworks */,
				3B97F47924780FC80031B160 /* Embed Frameworks */,
			);
			buildRules = (
			);
			dependencies = (
			);
			name = Dought;
			packageProductDependencies = (
				3B97F46D2477CEA20031B160 /* Time */,
				3B97F47F247D637E0031B160 /* Tagged */,
				3B97F482247D64BD0031B160 /* ComposableArchitecture */,
			);
			productName = Dought;
			productReference = 3B43295B24532EBA00CE3032 /* Dought.app */;
			productType = "com.apple.product-type.application";
		};
		3B43297024532EBC00CE3032 /* DoughtTests */ = {
			isa = PBXNativeTarget;
			buildConfigurationList = 3B43298824532EBC00CE3032 /* Build configuration list for PBXNativeTarget "DoughtTests" */;
			buildPhases = (
				1073DC744F391367381114EE /* [CP] Check Pods Manifest.lock */,
				3B43296D24532EBC00CE3032 /* Sources */,
				3B43296E24532EBC00CE3032 /* Frameworks */,
				3B43296F24532EBC00CE3032 /* Resources */,
			);
			buildRules = (
			);
			dependencies = (
				3B43297324532EBC00CE3032 /* PBXTargetDependency */,
			);
			name = DoughtTests;
			productName = DoughtTests;
			productReference = 3B43297124532EBC00CE3032 /* DoughtTests.xctest */;
			productType = "com.apple.product-type.bundle.unit-test";
		};
		3B43297B24532EBC00CE3032 /* DoughtUITests */ = {
			isa = PBXNativeTarget;
			buildConfigurationList = 3B43298B24532EBC00CE3032 /* Build configuration list for PBXNativeTarget "DoughtUITests" */;
			buildPhases = (
				5437A2EB8B890EBF5F7F6106 /* [CP] Check Pods Manifest.lock */,
				3B43297824532EBC00CE3032 /* Sources */,
				3B43297924532EBC00CE3032 /* Frameworks */,
				3B43297A24532EBC00CE3032 /* Resources */,
				05E0F2B8B256B6210C170401 /* [CP] Embed Pods Frameworks */,
			);
			buildRules = (
			);
			dependencies = (
				3B43297E24532EBC00CE3032 /* PBXTargetDependency */,
			);
			name = DoughtUITests;
			productName = DoughtUITests;
			productReference = 3B43297C24532EBC00CE3032 /* DoughtUITests.xctest */;
			productType = "com.apple.product-type.bundle.ui-testing";
		};
/* End PBXNativeTarget section */

/* Begin PBXProject section */
		3B43295324532EBA00CE3032 /* Project object */ = {
			isa = PBXProject;
			attributes = {
				LastSwiftUpdateCheck = 1140;
				LastUpgradeCheck = 1140;
				ORGANIZATIONNAME = "Lee Watkins";
				TargetAttributes = {
					3B43295A24532EBA00CE3032 = {
						CreatedOnToolsVersion = 11.4.1;
					};
					3B43297024532EBC00CE3032 = {
						CreatedOnToolsVersion = 11.4.1;
						TestTargetID = 3B43295A24532EBA00CE3032;
					};
					3B43297B24532EBC00CE3032 = {
						CreatedOnToolsVersion = 11.4.1;
						TestTargetID = 3B43295A24532EBA00CE3032;
					};
				};
			};
			buildConfigurationList = 3B43295624532EBA00CE3032 /* Build configuration list for PBXProject "Dought" */;
			compatibilityVersion = "Xcode 9.3";
			developmentRegion = en;
			hasScannedForEncodings = 0;
			knownRegions = (
				en,
				Base,
			);
			mainGroup = 3B43295224532EBA00CE3032;
			packageReferences = (
				3B97F46C2477CEA20031B160 /* XCRemoteSwiftPackageReference "time" */,
				3B97F47E247D637E0031B160 /* XCRemoteSwiftPackageReference "swift-tagged" */,
				3B97F481247D64BD0031B160 /* XCRemoteSwiftPackageReference "swift-composable-architecture" */,
			);
			productRefGroup = 3B43295C24532EBA00CE3032 /* Products */;
			projectDirPath = "";
			projectRoot = "";
			targets = (
				3B43295A24532EBA00CE3032 /* Dought */,
				3B43297024532EBC00CE3032 /* DoughtTests */,
				3B43297B24532EBC00CE3032 /* DoughtUITests */,
			);
		};
/* End PBXProject section */

/* Begin PBXResourcesBuildPhase section */
		3B43295924532EBA00CE3032 /* Resources */ = {
			isa = PBXResourcesBuildPhase;
			buildActionMask = 2147483647;
			files = (
				3B43296B24532EBC00CE3032 /* LaunchScreen.storyboard in Resources */,
				3B43296824532EBC00CE3032 /* Preview Assets.xcassets in Resources */,
				3B43296524532EBC00CE3032 /* Assets.xcassets in Resources */,
			);
			runOnlyForDeploymentPostprocessing = 0;
		};
		3B43296F24532EBC00CE3032 /* Resources */ = {
			isa = PBXResourcesBuildPhase;
			buildActionMask = 2147483647;
			files = (
			);
			runOnlyForDeploymentPostprocessing = 0;
		};
		3B43297A24532EBC00CE3032 /* Resources */ = {
			isa = PBXResourcesBuildPhase;
			buildActionMask = 2147483647;
			files = (
			);
			runOnlyForDeploymentPostprocessing = 0;
		};
/* End PBXResourcesBuildPhase section */

/* Begin PBXShellScriptBuildPhase section */
		05E0F2B8B256B6210C170401 /* [CP] Embed Pods Frameworks */ = {
			isa = PBXShellScriptBuildPhase;
			buildActionMask = 2147483647;
			files = (
			);
			inputFileListPaths = (
				"${PODS_ROOT}/Target Support Files/Pods-Dought-DoughtUITests/Pods-Dought-DoughtUITests-frameworks-${CONFIGURATION}-input-files.xcfilelist",
			);
			name = "[CP] Embed Pods Frameworks";
			outputFileListPaths = (
				"${PODS_ROOT}/Target Support Files/Pods-Dought-DoughtUITests/Pods-Dought-DoughtUITests-frameworks-${CONFIGURATION}-output-files.xcfilelist",
			);
			runOnlyForDeploymentPostprocessing = 0;
			shellPath = /bin/sh;
			shellScript = "\"${PODS_ROOT}/Target Support Files/Pods-Dought-DoughtUITests/Pods-Dought-DoughtUITests-frameworks.sh\"\n";
			showEnvVarsInLog = 0;
		};
		1073DC744F391367381114EE /* [CP] Check Pods Manifest.lock */ = {
			isa = PBXShellScriptBuildPhase;
			buildActionMask = 2147483647;
			files = (
			);
			inputFileListPaths = (
			);
			inputPaths = (
				"${PODS_PODFILE_DIR_PATH}/Podfile.lock",
				"${PODS_ROOT}/Manifest.lock",
			);
			name = "[CP] Check Pods Manifest.lock";
			outputFileListPaths = (
			);
			outputPaths = (
				"$(DERIVED_FILE_DIR)/Pods-DoughtTests-checkManifestLockResult.txt",
			);
			runOnlyForDeploymentPostprocessing = 0;
			shellPath = /bin/sh;
			shellScript = "diff \"${PODS_PODFILE_DIR_PATH}/Podfile.lock\" \"${PODS_ROOT}/Manifest.lock\" > /dev/null\nif [ $? != 0 ] ; then\n    # print error to STDERR\n    echo \"error: The sandbox is not in sync with the Podfile.lock. Run 'pod install' or update your CocoaPods installation.\" >&2\n    exit 1\nfi\n# This output is used by Xcode 'outputs' to avoid re-running this script phase.\necho \"SUCCESS\" > \"${SCRIPT_OUTPUT_FILE_0}\"\n";
			showEnvVarsInLog = 0;
		};
		5437A2EB8B890EBF5F7F6106 /* [CP] Check Pods Manifest.lock */ = {
			isa = PBXShellScriptBuildPhase;
			buildActionMask = 2147483647;
			files = (
			);
			inputFileListPaths = (
			);
			inputPaths = (
				"${PODS_PODFILE_DIR_PATH}/Podfile.lock",
				"${PODS_ROOT}/Manifest.lock",
			);
			name = "[CP] Check Pods Manifest.lock";
			outputFileListPaths = (
			);
			outputPaths = (
				"$(DERIVED_FILE_DIR)/Pods-Dought-DoughtUITests-checkManifestLockResult.txt",
			);
			runOnlyForDeploymentPostprocessing = 0;
			shellPath = /bin/sh;
			shellScript = "diff \"${PODS_PODFILE_DIR_PATH}/Podfile.lock\" \"${PODS_ROOT}/Manifest.lock\" > /dev/null\nif [ $? != 0 ] ; then\n    # print error to STDERR\n    echo \"error: The sandbox is not in sync with the Podfile.lock. Run 'pod install' or update your CocoaPods installation.\" >&2\n    exit 1\nfi\n# This output is used by Xcode 'outputs' to avoid re-running this script phase.\necho \"SUCCESS\" > \"${SCRIPT_OUTPUT_FILE_0}\"\n";
			showEnvVarsInLog = 0;
		};
		AFA2A28AA5BEE7B8CC09DB85 /* [CP] Embed Pods Frameworks */ = {
			isa = PBXShellScriptBuildPhase;
			buildActionMask = 2147483647;
			files = (
			);
			inputFileListPaths = (
				"${PODS_ROOT}/Target Support Files/Pods-Dought/Pods-Dought-frameworks-${CONFIGURATION}-input-files.xcfilelist",
			);
			name = "[CP] Embed Pods Frameworks";
			outputFileListPaths = (
				"${PODS_ROOT}/Target Support Files/Pods-Dought/Pods-Dought-frameworks-${CONFIGURATION}-output-files.xcfilelist",
			);
			runOnlyForDeploymentPostprocessing = 0;
			shellPath = /bin/sh;
			shellScript = "\"${PODS_ROOT}/Target Support Files/Pods-Dought/Pods-Dought-frameworks.sh\"\n";
			showEnvVarsInLog = 0;
		};
		CE92DE47A4532B3C2F975AFF /* [CP] Check Pods Manifest.lock */ = {
			isa = PBXShellScriptBuildPhase;
			buildActionMask = 2147483647;
			files = (
			);
			inputFileListPaths = (
			);
			inputPaths = (
				"${PODS_PODFILE_DIR_PATH}/Podfile.lock",
				"${PODS_ROOT}/Manifest.lock",
			);
			name = "[CP] Check Pods Manifest.lock";
			outputFileListPaths = (
			);
			outputPaths = (
				"$(DERIVED_FILE_DIR)/Pods-Dought-checkManifestLockResult.txt",
			);
			runOnlyForDeploymentPostprocessing = 0;
			shellPath = /bin/sh;
			shellScript = "diff \"${PODS_PODFILE_DIR_PATH}/Podfile.lock\" \"${PODS_ROOT}/Manifest.lock\" > /dev/null\nif [ $? != 0 ] ; then\n    # print error to STDERR\n    echo \"error: The sandbox is not in sync with the Podfile.lock. Run 'pod install' or update your CocoaPods installation.\" >&2\n    exit 1\nfi\n# This output is used by Xcode 'outputs' to avoid re-running this script phase.\necho \"SUCCESS\" > \"${SCRIPT_OUTPUT_FILE_0}\"\n";
			showEnvVarsInLog = 0;
		};
/* End PBXShellScriptBuildPhase section */

/* Begin PBXSourcesBuildPhase section */
		3B43295724532EBA00CE3032 /* Sources */ = {
			isa = PBXSourcesBuildPhase;
			buildActionMask = 2147483647;
			files = (
				3B5EBEB624754892004E0AD4 /* DevelopmentMocks.swift in Sources */,
				3B5EBEB924758298004E0AD4 /* SchedulesListView.swift in Sources */,
				3B4ADFF12476B8B400EA1AED /* ActiveBakeView.swift in Sources */,
				3B33993E245B12A200B472C0 /* AppDefaults.swift in Sources */,
				3B97F488247D6FCE0031B160 /* AppView.swift in Sources */,
				3B5EBEB0247527E7004E0AD4 /* StageHeaderRow.swift in Sources */,
				3B5EBEA82473ECC3004E0AD4 /* ScheduleView.swift in Sources */,
				3B5EBEB224752843004E0AD4 /* StepRow.swift in Sources */,
				3B97F47D247BD6F00031B160 /* StagesList.swift in Sources */,
				3B43295F24532EBA00CE3032 /* AppDelegate.swift in Sources */,
				3B4ADFF32476F24A00EA1AED /* View_Extensions.swift in Sources */,
				3B4ADFEC2476B6FE00EA1AED /* NoActiveBakeCard.swift in Sources */,
				3B4ADFEE2476B7EC00EA1AED /* Bake.swift in Sources */,
				3B3399472461A2A400B472C0 /* Date_Extensions.swift in Sources */,
				3B5EBEB424754473004E0AD4 /* Schedule.swift in Sources */,
				3B97F4712477F3640031B160 /* Formatters.swift in Sources */,
				3B4ADFE424758B3E00EA1AED /* ChooseDayView.swift in Sources */,
				3B43296124532EBA00CE3032 /* SceneDelegate.swift in Sources */,
				3B97F486247D67B60031B160 /* AppDomainTypes.swift in Sources */,
				3B4ADFE9247692D700EA1AED /* BakesListView.swift in Sources */,
				3B97F47B247BD6730031B160 /* StepsList.swift in Sources */,
				3B43296324532EBA00CE3032 /* ContentView.swift in Sources */,
				3B5EBEAD247526C9004E0AD4 /* ScheduleStageCard.swift in Sources */,
			);
			runOnlyForDeploymentPostprocessing = 0;
		};
		3B43296D24532EBC00CE3032 /* Sources */ = {
			isa = PBXSourcesBuildPhase;
			buildActionMask = 2147483647;
			files = (
				3B33994A2461A9ED00B472C0 /* TimeCalculatorTests.swift in Sources */,
				3B43297624532EBC00CE3032 /* DoughtTests.swift in Sources */,
			);
			runOnlyForDeploymentPostprocessing = 0;
		};
		3B43297824532EBC00CE3032 /* Sources */ = {
			isa = PBXSourcesBuildPhase;
			buildActionMask = 2147483647;
			files = (
				3B43298124532EBC00CE3032 /* DoughtUITests.swift in Sources */,
			);
			runOnlyForDeploymentPostprocessing = 0;
		};
/* End PBXSourcesBuildPhase section */

/* Begin PBXTargetDependency section */
		3B43297324532EBC00CE3032 /* PBXTargetDependency */ = {
			isa = PBXTargetDependency;
			target = 3B43295A24532EBA00CE3032 /* Dought */;
			targetProxy = 3B43297224532EBC00CE3032 /* PBXContainerItemProxy */;
		};
		3B43297E24532EBC00CE3032 /* PBXTargetDependency */ = {
			isa = PBXTargetDependency;
			target = 3B43295A24532EBA00CE3032 /* Dought */;
			targetProxy = 3B43297D24532EBC00CE3032 /* PBXContainerItemProxy */;
		};
/* End PBXTargetDependency section */

/* Begin PBXVariantGroup section */
		3B43296924532EBC00CE3032 /* LaunchScreen.storyboard */ = {
			isa = PBXVariantGroup;
			children = (
				3B43296A24532EBC00CE3032 /* Base */,
			);
			name = LaunchScreen.storyboard;
			sourceTree = "<group>";
		};
/* End PBXVariantGroup section */

/* Begin XCBuildConfiguration section */
		3B43298324532EBC00CE3032 /* Debug */ = {
			isa = XCBuildConfiguration;
			buildSettings = {
				ALWAYS_SEARCH_USER_PATHS = NO;
				CLANG_ANALYZER_NONNULL = YES;
				CLANG_ANALYZER_NUMBER_OBJECT_CONVERSION = YES_AGGRESSIVE;
				CLANG_CXX_LANGUAGE_STANDARD = "gnu++14";
				CLANG_CXX_LIBRARY = "libc++";
				CLANG_ENABLE_MODULES = YES;
				CLANG_ENABLE_OBJC_ARC = YES;
				CLANG_ENABLE_OBJC_WEAK = YES;
				CLANG_WARN_BLOCK_CAPTURE_AUTORELEASING = YES;
				CLANG_WARN_BOOL_CONVERSION = YES;
				CLANG_WARN_COMMA = YES;
				CLANG_WARN_CONSTANT_CONVERSION = YES;
				CLANG_WARN_DEPRECATED_OBJC_IMPLEMENTATIONS = YES;
				CLANG_WARN_DIRECT_OBJC_ISA_USAGE = YES_ERROR;
				CLANG_WARN_DOCUMENTATION_COMMENTS = YES;
				CLANG_WARN_EMPTY_BODY = YES;
				CLANG_WARN_ENUM_CONVERSION = YES;
				CLANG_WARN_INFINITE_RECURSION = YES;
				CLANG_WARN_INT_CONVERSION = YES;
				CLANG_WARN_NON_LITERAL_NULL_CONVERSION = YES;
				CLANG_WARN_OBJC_IMPLICIT_RETAIN_SELF = YES;
				CLANG_WARN_OBJC_LITERAL_CONVERSION = YES;
				CLANG_WARN_OBJC_ROOT_CLASS = YES_ERROR;
				CLANG_WARN_RANGE_LOOP_ANALYSIS = YES;
				CLANG_WARN_STRICT_PROTOTYPES = YES;
				CLANG_WARN_SUSPICIOUS_MOVE = YES;
				CLANG_WARN_UNGUARDED_AVAILABILITY = YES_AGGRESSIVE;
				CLANG_WARN_UNREACHABLE_CODE = YES;
				CLANG_WARN__DUPLICATE_METHOD_MATCH = YES;
				COPY_PHASE_STRIP = NO;
				DEBUG_INFORMATION_FORMAT = dwarf;
				ENABLE_STRICT_OBJC_MSGSEND = YES;
				ENABLE_TESTABILITY = YES;
				GCC_C_LANGUAGE_STANDARD = gnu11;
				GCC_DYNAMIC_NO_PIC = NO;
				GCC_NO_COMMON_BLOCKS = YES;
				GCC_OPTIMIZATION_LEVEL = 0;
				GCC_PREPROCESSOR_DEFINITIONS = (
					"DEBUG=1",
					"$(inherited)",
				);
				GCC_WARN_64_TO_32_BIT_CONVERSION = YES;
				GCC_WARN_ABOUT_RETURN_TYPE = YES_ERROR;
				GCC_WARN_UNDECLARED_SELECTOR = YES;
				GCC_WARN_UNINITIALIZED_AUTOS = YES_AGGRESSIVE;
				GCC_WARN_UNUSED_FUNCTION = YES;
				GCC_WARN_UNUSED_VARIABLE = YES;
				IPHONEOS_DEPLOYMENT_TARGET = 13.4;
				MTL_ENABLE_DEBUG_INFO = INCLUDE_SOURCE;
				MTL_FAST_MATH = YES;
				ONLY_ACTIVE_ARCH = YES;
				SDKROOT = iphoneos;
				SWIFT_ACTIVE_COMPILATION_CONDITIONS = DEBUG;
				SWIFT_OPTIMIZATION_LEVEL = "-Onone";
			};
			name = Debug;
		};
		3B43298424532EBC00CE3032 /* Release */ = {
			isa = XCBuildConfiguration;
			buildSettings = {
				ALWAYS_SEARCH_USER_PATHS = NO;
				CLANG_ANALYZER_NONNULL = YES;
				CLANG_ANALYZER_NUMBER_OBJECT_CONVERSION = YES_AGGRESSIVE;
				CLANG_CXX_LANGUAGE_STANDARD = "gnu++14";
				CLANG_CXX_LIBRARY = "libc++";
				CLANG_ENABLE_MODULES = YES;
				CLANG_ENABLE_OBJC_ARC = YES;
				CLANG_ENABLE_OBJC_WEAK = YES;
				CLANG_WARN_BLOCK_CAPTURE_AUTORELEASING = YES;
				CLANG_WARN_BOOL_CONVERSION = YES;
				CLANG_WARN_COMMA = YES;
				CLANG_WARN_CONSTANT_CONVERSION = YES;
				CLANG_WARN_DEPRECATED_OBJC_IMPLEMENTATIONS = YES;
				CLANG_WARN_DIRECT_OBJC_ISA_USAGE = YES_ERROR;
				CLANG_WARN_DOCUMENTATION_COMMENTS = YES;
				CLANG_WARN_EMPTY_BODY = YES;
				CLANG_WARN_ENUM_CONVERSION = YES;
				CLANG_WARN_INFINITE_RECURSION = YES;
				CLANG_WARN_INT_CONVERSION = YES;
				CLANG_WARN_NON_LITERAL_NULL_CONVERSION = YES;
				CLANG_WARN_OBJC_IMPLICIT_RETAIN_SELF = YES;
				CLANG_WARN_OBJC_LITERAL_CONVERSION = YES;
				CLANG_WARN_OBJC_ROOT_CLASS = YES_ERROR;
				CLANG_WARN_RANGE_LOOP_ANALYSIS = YES;
				CLANG_WARN_STRICT_PROTOTYPES = YES;
				CLANG_WARN_SUSPICIOUS_MOVE = YES;
				CLANG_WARN_UNGUARDED_AVAILABILITY = YES_AGGRESSIVE;
				CLANG_WARN_UNREACHABLE_CODE = YES;
				CLANG_WARN__DUPLICATE_METHOD_MATCH = YES;
				COPY_PHASE_STRIP = NO;
				DEBUG_INFORMATION_FORMAT = "dwarf-with-dsym";
				ENABLE_NS_ASSERTIONS = NO;
				ENABLE_STRICT_OBJC_MSGSEND = YES;
				GCC_C_LANGUAGE_STANDARD = gnu11;
				GCC_NO_COMMON_BLOCKS = YES;
				GCC_WARN_64_TO_32_BIT_CONVERSION = YES;
				GCC_WARN_ABOUT_RETURN_TYPE = YES_ERROR;
				GCC_WARN_UNDECLARED_SELECTOR = YES;
				GCC_WARN_UNINITIALIZED_AUTOS = YES_AGGRESSIVE;
				GCC_WARN_UNUSED_FUNCTION = YES;
				GCC_WARN_UNUSED_VARIABLE = YES;
				IPHONEOS_DEPLOYMENT_TARGET = 13.4;
				MTL_ENABLE_DEBUG_INFO = NO;
				MTL_FAST_MATH = YES;
				SDKROOT = iphoneos;
				SWIFT_COMPILATION_MODE = wholemodule;
				SWIFT_OPTIMIZATION_LEVEL = "-O";
				VALIDATE_PRODUCT = YES;
			};
			name = Release;
		};
		3B43298624532EBC00CE3032 /* Debug */ = {
			isa = XCBuildConfiguration;
			baseConfigurationReference = 18D837923AA8DF89319A1BAA /* Pods-Dought.debug.xcconfig */;
			buildSettings = {
				ASSETCATALOG_COMPILER_APPICON_NAME = AppIcon;
				CODE_SIGN_STYLE = Automatic;
				CURRENT_PROJECT_VERSION = 9;
				DEVELOPMENT_ASSET_PATHS = "\"Dought/Preview Content\"";
				DEVELOPMENT_TEAM = TLD24BM42Z;
				ENABLE_PREVIEWS = YES;
				INFOPLIST_FILE = Dought/Info.plist;
				IPHONEOS_DEPLOYMENT_TARGET = 13.0;
				LD_RUNPATH_SEARCH_PATHS = (
					"$(inherited)",
					"@executable_path/Frameworks",
				);
				PRODUCT_BUNDLE_IDENTIFIER = com.unieklee.Dought;
				PRODUCT_NAME = "$(TARGET_NAME)";
				SWIFT_VERSION = 5.0;
				TARGETED_DEVICE_FAMILY = "1,2";
			};
			name = Debug;
		};
		3B43298724532EBC00CE3032 /* Release */ = {
			isa = XCBuildConfiguration;
			baseConfigurationReference = 73DC6B9A2775C8B73ED96783 /* Pods-Dought.release.xcconfig */;
			buildSettings = {
				ASSETCATALOG_COMPILER_APPICON_NAME = AppIcon;
				CODE_SIGN_STYLE = Automatic;
				CURRENT_PROJECT_VERSION = 9;
				DEVELOPMENT_ASSET_PATHS = "\"Dought/Preview Content\"";
				DEVELOPMENT_TEAM = TLD24BM42Z;
				ENABLE_PREVIEWS = YES;
				INFOPLIST_FILE = Dought/Info.plist;
				IPHONEOS_DEPLOYMENT_TARGET = 13.0;
				LD_RUNPATH_SEARCH_PATHS = (
					"$(inherited)",
					"@executable_path/Frameworks",
				);
				PRODUCT_BUNDLE_IDENTIFIER = com.unieklee.Dought;
				PRODUCT_NAME = "$(TARGET_NAME)";
				SWIFT_VERSION = 5.0;
				TARGETED_DEVICE_FAMILY = "1,2";
			};
			name = Release;
		};
		3B43298924532EBC00CE3032 /* Debug */ = {
			isa = XCBuildConfiguration;
			baseConfigurationReference = 83DAB5ABFFE3952C92B99078 /* Pods-DoughtTests.debug.xcconfig */;
			buildSettings = {
				ALWAYS_EMBED_SWIFT_STANDARD_LIBRARIES = YES;
				BUNDLE_LOADER = "$(TEST_HOST)";
				CODE_SIGN_STYLE = Automatic;
				DEVELOPMENT_TEAM = TLD24BM42Z;
				INFOPLIST_FILE = DoughtTests/Info.plist;
				IPHONEOS_DEPLOYMENT_TARGET = 13.4;
				LD_RUNPATH_SEARCH_PATHS = (
					"$(inherited)",
					"@executable_path/Frameworks",
					"@loader_path/Frameworks",
				);
				PRODUCT_BUNDLE_IDENTIFIER = uk.uniek.DoughtTests;
				PRODUCT_NAME = "$(TARGET_NAME)";
				SWIFT_VERSION = 5.0;
				TARGETED_DEVICE_FAMILY = "1,2";
				TEST_HOST = "$(BUILT_PRODUCTS_DIR)/Dought.app/Dought";
			};
			name = Debug;
		};
		3B43298A24532EBC00CE3032 /* Release */ = {
			isa = XCBuildConfiguration;
			baseConfigurationReference = 3D7A16001D34920FE4FDE121 /* Pods-DoughtTests.release.xcconfig */;
			buildSettings = {
				ALWAYS_EMBED_SWIFT_STANDARD_LIBRARIES = YES;
				BUNDLE_LOADER = "$(TEST_HOST)";
				CODE_SIGN_STYLE = Automatic;
				DEVELOPMENT_TEAM = TLD24BM42Z;
				INFOPLIST_FILE = DoughtTests/Info.plist;
				IPHONEOS_DEPLOYMENT_TARGET = 13.4;
				LD_RUNPATH_SEARCH_PATHS = (
					"$(inherited)",
					"@executable_path/Frameworks",
					"@loader_path/Frameworks",
				);
				PRODUCT_BUNDLE_IDENTIFIER = uk.uniek.DoughtTests;
				PRODUCT_NAME = "$(TARGET_NAME)";
				SWIFT_VERSION = 5.0;
				TARGETED_DEVICE_FAMILY = "1,2";
				TEST_HOST = "$(BUILT_PRODUCTS_DIR)/Dought.app/Dought";
			};
			name = Release;
		};
		3B43298C24532EBC00CE3032 /* Debug */ = {
			isa = XCBuildConfiguration;
			baseConfigurationReference = B1CA428148CE7565B999235D /* Pods-Dought-DoughtUITests.debug.xcconfig */;
			buildSettings = {
				ALWAYS_EMBED_SWIFT_STANDARD_LIBRARIES = YES;
				CODE_SIGN_STYLE = Automatic;
				DEVELOPMENT_TEAM = TLD24BM42Z;
				INFOPLIST_FILE = DoughtUITests/Info.plist;
				LD_RUNPATH_SEARCH_PATHS = (
					"$(inherited)",
					"@executable_path/Frameworks",
					"@loader_path/Frameworks",
				);
				PRODUCT_BUNDLE_IDENTIFIER = uk.uniek.DoughtUITests;
				PRODUCT_NAME = "$(TARGET_NAME)";
				SWIFT_VERSION = 5.0;
				TARGETED_DEVICE_FAMILY = "1,2";
				TEST_TARGET_NAME = Dought;
			};
			name = Debug;
		};
		3B43298D24532EBC00CE3032 /* Release */ = {
			isa = XCBuildConfiguration;
			baseConfigurationReference = 5FAE3D1BAF109F7F160CDEC0 /* Pods-Dought-DoughtUITests.release.xcconfig */;
			buildSettings = {
				ALWAYS_EMBED_SWIFT_STANDARD_LIBRARIES = YES;
				CODE_SIGN_STYLE = Automatic;
				DEVELOPMENT_TEAM = TLD24BM42Z;
				INFOPLIST_FILE = DoughtUITests/Info.plist;
				LD_RUNPATH_SEARCH_PATHS = (
					"$(inherited)",
					"@executable_path/Frameworks",
					"@loader_path/Frameworks",
				);
				PRODUCT_BUNDLE_IDENTIFIER = uk.uniek.DoughtUITests;
				PRODUCT_NAME = "$(TARGET_NAME)";
				SWIFT_VERSION = 5.0;
				TARGETED_DEVICE_FAMILY = "1,2";
				TEST_TARGET_NAME = Dought;
			};
			name = Release;
		};
/* End XCBuildConfiguration section */

/* Begin XCConfigurationList section */
		3B43295624532EBA00CE3032 /* Build configuration list for PBXProject "Dought" */ = {
			isa = XCConfigurationList;
			buildConfigurations = (
				3B43298324532EBC00CE3032 /* Debug */,
				3B43298424532EBC00CE3032 /* Release */,
			);
			defaultConfigurationIsVisible = 0;
			defaultConfigurationName = Release;
		};
		3B43298524532EBC00CE3032 /* Build configuration list for PBXNativeTarget "Dought" */ = {
			isa = XCConfigurationList;
			buildConfigurations = (
				3B43298624532EBC00CE3032 /* Debug */,
				3B43298724532EBC00CE3032 /* Release */,
			);
			defaultConfigurationIsVisible = 0;
			defaultConfigurationName = Release;
		};
		3B43298824532EBC00CE3032 /* Build configuration list for PBXNativeTarget "DoughtTests" */ = {
			isa = XCConfigurationList;
			buildConfigurations = (
				3B43298924532EBC00CE3032 /* Debug */,
				3B43298A24532EBC00CE3032 /* Release */,
			);
			defaultConfigurationIsVisible = 0;
			defaultConfigurationName = Release;
		};
		3B43298B24532EBC00CE3032 /* Build configuration list for PBXNativeTarget "DoughtUITests" */ = {
			isa = XCConfigurationList;
			buildConfigurations = (
				3B43298C24532EBC00CE3032 /* Debug */,
				3B43298D24532EBC00CE3032 /* Release */,
			);
			defaultConfigurationIsVisible = 0;
			defaultConfigurationName = Release;
		};
/* End XCConfigurationList section */

/* Begin XCRemoteSwiftPackageReference section */
		3B97F46C2477CEA20031B160 /* XCRemoteSwiftPackageReference "time" */ = {
			isa = XCRemoteSwiftPackageReference;
			repositoryURL = "https://github.com/davedelong/time";
			requirement = {
				kind = upToNextMajorVersion;
				minimumVersion = 0.9.1;
			};
		};
		3B97F47E247D637E0031B160 /* XCRemoteSwiftPackageReference "swift-tagged" */ = {
			isa = XCRemoteSwiftPackageReference;
			repositoryURL = "https://github.com/pointfreeco/swift-tagged.git";
			requirement = {
				kind = upToNextMajorVersion;
				minimumVersion = 0.5.0;
			};
		};
		3B97F481247D64BD0031B160 /* XCRemoteSwiftPackageReference "swift-composable-architecture" */ = {
			isa = XCRemoteSwiftPackageReference;
			repositoryURL = "https://github.com/pointfreeco/swift-composable-architecture";
			requirement = {
				kind = upToNextMajorVersion;
				minimumVersion = 0.2.0;
			};
		};
/* End XCRemoteSwiftPackageReference section */

/* Begin XCSwiftPackageProductDependency section */
		3B97F46D2477CEA20031B160 /* Time */ = {
			isa = XCSwiftPackageProductDependency;
			package = 3B97F46C2477CEA20031B160 /* XCRemoteSwiftPackageReference "time" */;
			productName = Time;
		};
		3B97F47F247D637E0031B160 /* Tagged */ = {
			isa = XCSwiftPackageProductDependency;
			package = 3B97F47E247D637E0031B160 /* XCRemoteSwiftPackageReference "swift-tagged" */;
			productName = Tagged;
		};
		3B97F482247D64BD0031B160 /* ComposableArchitecture */ = {
			isa = XCSwiftPackageProductDependency;
			package = 3B97F481247D64BD0031B160 /* XCRemoteSwiftPackageReference "swift-composable-architecture" */;
			productName = ComposableArchitecture;
		};
/* End XCSwiftPackageProductDependency section */
	};
	rootObject = 3B43295324532EBA00CE3032 /* Project object */;
}
